
Microsoft Visual Studio Solution File, Format Version 11.00
# Visual C# Express 2010
Project("{FAE04EC0-301F-11D3-BF4B-00C04F79EFBC}") = "PLD", "JCG\JCG\PLD.csproj", "{B305261D-0A95-4DAA-BB04-4AE4AEC8E9F8}"
EndProject
Project("{FAE04EC0-301F-11D3-BF4B-00C04F79EFBC}") = "PLDContent", "JCG\JCGContent\PLDContent.contentproj", "{C9B2DA68-5C45-4361-A3F0-44E8AF51ADDD}"
EndProject
Global
	GlobalSection(SolutionConfigurationPlatforms) = preSolution
		Debug|x86 = Debug|x86
		Release|x86 = Release|x86
	EndGlobalSection
	GlobalSection(ProjectConfigurationPlatforms) = postSolution
		{B305261D-0A95-4DAA-BB04-4AE4AEC8E9F8}.Debug|x86.ActiveCfg = Debug|x86
		{B305261D-0A95-4DAA-BB04-4AE4AEC8E9F8}.Debug|x86.Build.0 = Debug|x86
		{B305261D-0A95-4DAA-BB04-4AE4AEC8E9F8}.Release|x86.ActiveCfg = Release|x86
		{B305261D-0A95-4DAA-BB04-4AE4AEC8E9F8}.Release|x86.Build.0 = Release|x86
		{C9B2DA68-5C45-4361-A3F0-44E8AF51ADDD}.Debug|x86.ActiveCfg = Debug|x86
		{C9B2DA68-5C45-4361-A3F0-44E8AF51ADDD}.Release|x86.ActiveCfg = Release|x86
	EndGlobalSection
	GlobalSection(SolutionProperties) = preSolution
		HideSolutionNode = FALSE
	EndGlobalSection
EndGlobal
